
Microsoft Visual Studio Solution File, Format Version 12.00
# Visual Studio Version 16
VisualStudioVersion = 16.0.30611.23
MinimumVisualStudioVersion = 10.0.40219.1
Project("{FAE04EC0-301F-11D3-BF4B-00C04F79EFBC}") = "dotnet5781_00_2131_1146", "dotnet5781_00_2131_1146\dotnet5781_00_2131_1146.csproj", "{9F464C6E-CAAD-4A8D-AB40-1A1F83E56EF5}"
EndProject
Project("{FAE04EC0-301F-11D3-BF4B-00C04F79EFBC}") = "dotnet5781_01_2131_1146", "dotnet5781_01_2131_1146\dotnet5781_01_2131_1146.csproj", "{6F594A02-24B4-4E37-A7E2-7AAE1008DA1F}"
EndProject
Project("{FAE04EC0-301F-11D3-BF4B-00C04F79EFBC}") = "dotnet5781_02_2131_1146", "dotnet5781_02_2131_1146\dotnet5781_02_2131_1146.csproj", "{6F3FDE24-3B8A-45A0-B0C3-44EFCB64D4B7}"
EndProject
Project("{FAE04EC0-301F-11D3-BF4B-00C04F79EFBC}") = "dotnet5781_03A_2131_1146", "dotnet5781_03A_2131_1146\dotnet5781_03A_2131_1146.csproj", "{577035FE-B0B3-4119-8001-4144E1B1F5C4}"
EndProject
Project("{FAE04EC0-301F-11D3-BF4B-00C04F79EFBC}") = "dotnet5781_03B_2131_1146", "dotnet5781_03B_2131_1146\dotnet5781_03B_2131_1146.csproj", "{E18CF8C4-FAF2-4FA1-BBD5-BE9D81489EFD}"
EndProject
Project("{2150E333-8FDC-42A3-9474-1A3956D46DE8}") = "Solution Items", "Solution Items", "{3342B27A-FA4E-4554-9EC7-4C0D708366C1}"
	ProjectSection(SolutionItems) = preProject
		dotnet5781_03B_2131_1146\שימוש בThread  בתרגיל 3B.docx = dotnet5781_03B_2131_1146\שימוש בThread  בתרגיל 3B.docx
	EndProjectSection
EndProject
Global
	GlobalSection(SolutionConfigurationPlatforms) = preSolution
		Debug|Any CPU = Debug|Any CPU
		Release|Any CPU = Release|Any CPU
	EndGlobalSection
	GlobalSection(ProjectConfigurationPlatforms) = postSolution
		{9F464C6E-CAAD-4A8D-AB40-1A1F83E56EF5}.Debug|Any CPU.ActiveCfg = Debug|Any CPU
		{9F464C6E-CAAD-4A8D-AB40-1A1F83E56EF5}.Debug|Any CPU.Build.0 = Debug|Any CPU
		{9F464C6E-CAAD-4A8D-AB40-1A1F83E56EF5}.Release|Any CPU.ActiveCfg = Release|Any CPU
		{9F464C6E-CAAD-4A8D-AB40-1A1F83E56EF5}.Release|Any CPU.Build.0 = Release|Any CPU
		{6F594A02-24B4-4E37-A7E2-7AAE1008DA1F}.Debug|Any CPU.ActiveCfg = Debug|Any CPU
		{6F594A02-24B4-4E37-A7E2-7AAE1008DA1F}.Debug|Any CPU.Build.0 = Debug|Any CPU
		{6F594A02-24B4-4E37-A7E2-7AAE1008DA1F}.Release|Any CPU.ActiveCfg = Release|Any CPU
		{6F594A02-24B4-4E37-A7E2-7AAE1008DA1F}.Release|Any CPU.Build.0 = Release|Any CPU
		{6F3FDE24-3B8A-45A0-B0C3-44EFCB64D4B7}.Debug|Any CPU.ActiveCfg = Debug|Any CPU
		{6F3FDE24-3B8A-45A0-B0C3-44EFCB64D4B7}.Debug|Any CPU.Build.0 = Debug|Any CPU
		{6F3FDE24-3B8A-45A0-B0C3-44EFCB64D4B7}.Release|Any CPU.ActiveCfg = Release|Any CPU
		{6F3FDE24-3B8A-45A0-B0C3-44EFCB64D4B7}.Release|Any CPU.Build.0 = Release|Any CPU
		{577035FE-B0B3-4119-8001-4144E1B1F5C4}.Debug|Any CPU.ActiveCfg = Debug|Any CPU
		{577035FE-B0B3-4119-8001-4144E1B1F5C4}.Debug|Any CPU.Build.0 = Debug|Any CPU
		{577035FE-B0B3-4119-8001-4144E1B1F5C4}.Release|Any CPU.ActiveCfg = Release|Any CPU
		{577035FE-B0B3-4119-8001-4144E1B1F5C4}.Release|Any CPU.Build.0 = Release|Any CPU
		{E18CF8C4-FAF2-4FA1-BBD5-BE9D81489EFD}.Debug|Any CPU.ActiveCfg = Debug|Any CPU
		{E18CF8C4-FAF2-4FA1-BBD5-BE9D81489EFD}.Debug|Any CPU.Build.0 = Debug|Any CPU
		{E18CF8C4-FAF2-4FA1-BBD5-BE9D81489EFD}.Release|Any CPU.ActiveCfg = Release|Any CPU
		{E18CF8C4-FAF2-4FA1-BBD5-BE9D81489EFD}.Release|Any CPU.Build.0 = Release|Any CPU
	EndGlobalSection
	GlobalSection(SolutionProperties) = preSolution
		HideSolutionNode = FALSE
	EndGlobalSection
	GlobalSection(ExtensibilityGlobals) = postSolution
		SolutionGuid = {D50C3DE7-F945-443C-AABA-7F1794123242}
	EndGlobalSection
EndGlobal
