
Microsoft Visual Studio Solution File, Format Version 12.00
# Visual Studio Version 16
VisualStudioVersion = 16.0.30611.23
MinimumVisualStudioVersion = 10.0.40219.1
Project("{FAE04EC0-301F-11D3-BF4B-00C04F79EFBC}") = "dotnet5781_00_2131_1146", "dotnet5781_00_2131_1146\dotnet5781_00_2131_1146.csproj", "{9F464C6E-CAAD-4A8D-AB40-1A1F83E56EF5}"
EndProject
Project("{FAE04EC0-301F-11D3-BF4B-00C04F79EFBC}") = "dotnet5781_01_2131_1146", "dotnet5781_01_2131_1146\dotnet5781_01_2131_1146.csproj", "{6F594A02-24B4-4E37-A7E2-7AAE1008DA1F}"
EndProject
Project("{FAE04EC0-301F-11D3-BF4B-00C04F79EFBC}") = "dotnet5781_02_2131_1146", "dotnet5781_02_2131_1146\dotnet5781_02_2131_1146.csproj", "{6F3FDE24-3B8A-45A0-B0C3-44EFCB64D4B7}"
EndProject
Project("{FAE04EC0-301F-11D3-BF4B-00C04F79EFBC}") = "dotnet5781_03A_2131_1146", "dotnet5781_03A_2131_1146\dotnet5781_03A_2131_1146.csproj", "{577035FE-B0B3-4119-8001-4144E1B1F5C4}"
EndProject
Project("{FAE04EC0-301F-11D3-BF4B-00C04F79EFBC}") = "dotnet5781_03B_2131_1146", "dotnet5781_03B_2131_1146\dotnet5781_03B_2131_1146.csproj", "{E18CF8C4-FAF2-4FA1-BBD5-BE9D81489EFD}"
EndProject
Project("{2150E333-8FDC-42A3-9474-1A3956D46DE8}") = "Solution Items", "Solution Items", "{3342B27A-FA4E-4554-9EC7-4C0D708366C1}"
	ProjectSection(SolutionItems) = preProject
		bin\config.xml = bin\config.xml
		dotnet5781_03B_2131_1146\שימוש בThread  בתרגיל 3B.docx = dotnet5781_03B_2131_1146\שימוש בThread  בתרגיל 3B.docx
	EndProjectSection
EndProject
Project("{FAE04EC0-301F-11D3-BF4B-00C04F79EFBC}") = "PlGui", "PlGui\PlGui.csproj", "{C0DB4A4D-02A6-4230-B047-8DFB4DD6047C}"
EndProject
Project("{2150E333-8FDC-42A3-9474-1A3956D46DE8}") = "Targilim", "Targilim", "{5A4E9303-ADE5-408B-87AE-3C6174E062EA}"
EndProject
Project("{FAE04EC0-301F-11D3-BF4B-00C04F79EFBC}") = "BL", "BL\BL.csproj", "{22C636D2-3F74-4DAF-8FFD-CC356EA76F42}"
EndProject
Project("{FAE04EC0-301F-11D3-BF4B-00C04F79EFBC}") = "DalApi", "DalApi\DalApi.csproj", "{E54331F8-38FE-43C7-B04B-0D18A159C329}"
EndProject
Project("{FAE04EC0-301F-11D3-BF4B-00C04F79EFBC}") = "DalObject", "DalObject\DalObject.csproj", "{36EAE3C3-0CF0-4BDA-B48A-5A3BE20F89E5}"
EndProject
Project("{FAE04EC0-301F-11D3-BF4B-00C04F79EFBC}") = "DS", "DS\DS.csproj", "{B25027C3-F98A-4E32-9962-EAFAF2B76E11}"
EndProject
Project("{FAE04EC0-301F-11D3-BF4B-00C04F79EFBC}") = "DalXml", "DalXml\DalXml.csproj", "{2CF7B2AB-C99D-497D-A0F9-DD170D79FF3A}"
EndProject
Project("{2150E333-8FDC-42A3-9474-1A3956D46DE8}") = "bin", "bin", "{E39CCFB3-2825-4BF8-88AB-8974C5182161}"
EndProject
Project("{2150E333-8FDC-42A3-9474-1A3956D46DE8}") = "xml", "xml", "{74F429A0-372B-49C0-BCD9-7E681E0EFFA0}"
	ProjectSection(SolutionItems) = preProject
		bin\xml\AdjacentStations.xml = bin\xml\AdjacentStations.xml
		bin\xml\Buses.xml = bin\xml\Buses.xml
		bin\xml\Lines.xml = bin\xml\Lines.xml
		bin\xml\LineStations.xml = bin\xml\LineStations.xml
		bin\xml\LineTrips.xml = bin\xml\LineTrips.xml
		bin\xml\SerialNumberGenerator.xml = bin\xml\SerialNumberGenerator.xml
		bin\xml\Stations.xml = bin\xml\Stations.xml
		bin\xml\Trips.xml = bin\xml\Trips.xml
		bin\xml\Users.xml = bin\xml\Users.xml
	EndProjectSection
EndProject
Project("{2150E333-8FDC-42A3-9474-1A3956D46DE8}") = "nugets", "nugets", "{26DC3D90-8D73-430F-9872-81BC6690CD29}"
	ProjectSection(SolutionItems) = preProject
		bin\BouncyCastle.Crypto.dll = bin\BouncyCastle.Crypto.dll
		bin\BouncyCastle.Crypto.xml = bin\BouncyCastle.Crypto.xml
		bin\MailKit.dll = bin\MailKit.dll
		bin\MailKit.pdb = bin\MailKit.pdb
		bin\MailKit.xml = bin\MailKit.xml
		bin\MimeKit.dll = bin\MimeKit.dll
		bin\MimeKit.pdb = bin\MimeKit.pdb
		bin\MimeKit.xml = bin\MimeKit.xml
		bin\System.Buffers.dll = bin\System.Buffers.dll
		bin\System.Buffers.xml = bin\System.Buffers.xml
	EndProjectSection
EndProject
Global
	GlobalSection(SolutionConfigurationPlatforms) = preSolution
		Debug|Any CPU = Debug|Any CPU
		Debug|x64 = Debug|x64
		Debug|x86 = Debug|x86
		Release|Any CPU = Release|Any CPU
		Release|x64 = Release|x64
		Release|x86 = Release|x86
	EndGlobalSection
	GlobalSection(ProjectConfigurationPlatforms) = postSolution
		{9F464C6E-CAAD-4A8D-AB40-1A1F83E56EF5}.Debug|Any CPU.ActiveCfg = Debug|Any CPU
		{9F464C6E-CAAD-4A8D-AB40-1A1F83E56EF5}.Debug|Any CPU.Build.0 = Debug|Any CPU
		{9F464C6E-CAAD-4A8D-AB40-1A1F83E56EF5}.Debug|x64.ActiveCfg = Debug|Any CPU
		{9F464C6E-CAAD-4A8D-AB40-1A1F83E56EF5}.Debug|x64.Build.0 = Debug|Any CPU
		{9F464C6E-CAAD-4A8D-AB40-1A1F83E56EF5}.Debug|x86.ActiveCfg = Debug|Any CPU
		{9F464C6E-CAAD-4A8D-AB40-1A1F83E56EF5}.Debug|x86.Build.0 = Debug|Any CPU
		{9F464C6E-CAAD-4A8D-AB40-1A1F83E56EF5}.Release|Any CPU.ActiveCfg = Release|Any CPU
		{9F464C6E-CAAD-4A8D-AB40-1A1F83E56EF5}.Release|Any CPU.Build.0 = Release|Any CPU
		{9F464C6E-CAAD-4A8D-AB40-1A1F83E56EF5}.Release|x64.ActiveCfg = Release|Any CPU
		{9F464C6E-CAAD-4A8D-AB40-1A1F83E56EF5}.Release|x64.Build.0 = Release|Any CPU
		{9F464C6E-CAAD-4A8D-AB40-1A1F83E56EF5}.Release|x86.ActiveCfg = Release|Any CPU
		{9F464C6E-CAAD-4A8D-AB40-1A1F83E56EF5}.Release|x86.Build.0 = Release|Any CPU
		{6F594A02-24B4-4E37-A7E2-7AAE1008DA1F}.Debug|Any CPU.ActiveCfg = Debug|Any CPU
		{6F594A02-24B4-4E37-A7E2-7AAE1008DA1F}.Debug|Any CPU.Build.0 = Debug|Any CPU
		{6F594A02-24B4-4E37-A7E2-7AAE1008DA1F}.Debug|x64.ActiveCfg = Debug|Any CPU
		{6F594A02-24B4-4E37-A7E2-7AAE1008DA1F}.Debug|x64.Build.0 = Debug|Any CPU
		{6F594A02-24B4-4E37-A7E2-7AAE1008DA1F}.Debug|x86.ActiveCfg = Debug|Any CPU
		{6F594A02-24B4-4E37-A7E2-7AAE1008DA1F}.Debug|x86.Build.0 = Debug|Any CPU
		{6F594A02-24B4-4E37-A7E2-7AAE1008DA1F}.Release|Any CPU.ActiveCfg = Release|Any CPU
		{6F594A02-24B4-4E37-A7E2-7AAE1008DA1F}.Release|Any CPU.Build.0 = Release|Any CPU
		{6F594A02-24B4-4E37-A7E2-7AAE1008DA1F}.Release|x64.ActiveCfg = Release|Any CPU
		{6F594A02-24B4-4E37-A7E2-7AAE1008DA1F}.Release|x64.Build.0 = Release|Any CPU
		{6F594A02-24B4-4E37-A7E2-7AAE1008DA1F}.Release|x86.ActiveCfg = Release|Any CPU
		{6F594A02-24B4-4E37-A7E2-7AAE1008DA1F}.Release|x86.Build.0 = Release|Any CPU
		{6F3FDE24-3B8A-45A0-B0C3-44EFCB64D4B7}.Debug|Any CPU.ActiveCfg = Debug|Any CPU
		{6F3FDE24-3B8A-45A0-B0C3-44EFCB64D4B7}.Debug|Any CPU.Build.0 = Debug|Any CPU
		{6F3FDE24-3B8A-45A0-B0C3-44EFCB64D4B7}.Debug|x64.ActiveCfg = Debug|Any CPU
		{6F3FDE24-3B8A-45A0-B0C3-44EFCB64D4B7}.Debug|x64.Build.0 = Debug|Any CPU
		{6F3FDE24-3B8A-45A0-B0C3-44EFCB64D4B7}.Debug|x86.ActiveCfg = Debug|Any CPU
		{6F3FDE24-3B8A-45A0-B0C3-44EFCB64D4B7}.Debug|x86.Build.0 = Debug|Any CPU
		{6F3FDE24-3B8A-45A0-B0C3-44EFCB64D4B7}.Release|Any CPU.ActiveCfg = Release|Any CPU
		{6F3FDE24-3B8A-45A0-B0C3-44EFCB64D4B7}.Release|Any CPU.Build.0 = Release|Any CPU
		{6F3FDE24-3B8A-45A0-B0C3-44EFCB64D4B7}.Release|x64.ActiveCfg = Release|Any CPU
		{6F3FDE24-3B8A-45A0-B0C3-44EFCB64D4B7}.Release|x64.Build.0 = Release|Any CPU
		{6F3FDE24-3B8A-45A0-B0C3-44EFCB64D4B7}.Release|x86.ActiveCfg = Release|Any CPU
		{6F3FDE24-3B8A-45A0-B0C3-44EFCB64D4B7}.Release|x86.Build.0 = Release|Any CPU
		{577035FE-B0B3-4119-8001-4144E1B1F5C4}.Debug|Any CPU.ActiveCfg = Debug|Any CPU
		{577035FE-B0B3-4119-8001-4144E1B1F5C4}.Debug|Any CPU.Build.0 = Debug|Any CPU
		{577035FE-B0B3-4119-8001-4144E1B1F5C4}.Debug|x64.ActiveCfg = Debug|Any CPU
		{577035FE-B0B3-4119-8001-4144E1B1F5C4}.Debug|x64.Build.0 = Debug|Any CPU
		{577035FE-B0B3-4119-8001-4144E1B1F5C4}.Debug|x86.ActiveCfg = Debug|Any CPU
		{577035FE-B0B3-4119-8001-4144E1B1F5C4}.Debug|x86.Build.0 = Debug|Any CPU
		{577035FE-B0B3-4119-8001-4144E1B1F5C4}.Release|Any CPU.ActiveCfg = Release|Any CPU
		{577035FE-B0B3-4119-8001-4144E1B1F5C4}.Release|Any CPU.Build.0 = Release|Any CPU
		{577035FE-B0B3-4119-8001-4144E1B1F5C4}.Release|x64.ActiveCfg = Release|Any CPU
		{577035FE-B0B3-4119-8001-4144E1B1F5C4}.Release|x64.Build.0 = Release|Any CPU
		{577035FE-B0B3-4119-8001-4144E1B1F5C4}.Release|x86.ActiveCfg = Release|Any CPU
		{577035FE-B0B3-4119-8001-4144E1B1F5C4}.Release|x86.Build.0 = Release|Any CPU
		{E18CF8C4-FAF2-4FA1-BBD5-BE9D81489EFD}.Debug|Any CPU.ActiveCfg = Debug|Any CPU
		{E18CF8C4-FAF2-4FA1-BBD5-BE9D81489EFD}.Debug|Any CPU.Build.0 = Debug|Any CPU
		{E18CF8C4-FAF2-4FA1-BBD5-BE9D81489EFD}.Debug|x64.ActiveCfg = Debug|Any CPU
		{E18CF8C4-FAF2-4FA1-BBD5-BE9D81489EFD}.Debug|x64.Build.0 = Debug|Any CPU
		{E18CF8C4-FAF2-4FA1-BBD5-BE9D81489EFD}.Debug|x86.ActiveCfg = Debug|Any CPU
		{E18CF8C4-FAF2-4FA1-BBD5-BE9D81489EFD}.Debug|x86.Build.0 = Debug|Any CPU
		{E18CF8C4-FAF2-4FA1-BBD5-BE9D81489EFD}.Release|Any CPU.ActiveCfg = Release|Any CPU
		{E18CF8C4-FAF2-4FA1-BBD5-BE9D81489EFD}.Release|Any CPU.Build.0 = Release|Any CPU
		{E18CF8C4-FAF2-4FA1-BBD5-BE9D81489EFD}.Release|x64.ActiveCfg = Release|Any CPU
		{E18CF8C4-FAF2-4FA1-BBD5-BE9D81489EFD}.Release|x64.Build.0 = Release|Any CPU
		{E18CF8C4-FAF2-4FA1-BBD5-BE9D81489EFD}.Release|x86.ActiveCfg = Release|Any CPU
		{E18CF8C4-FAF2-4FA1-BBD5-BE9D81489EFD}.Release|x86.Build.0 = Release|Any CPU
		{C0DB4A4D-02A6-4230-B047-8DFB4DD6047C}.Debug|Any CPU.ActiveCfg = Debug|Any CPU
		{C0DB4A4D-02A6-4230-B047-8DFB4DD6047C}.Debug|Any CPU.Build.0 = Debug|Any CPU
		{C0DB4A4D-02A6-4230-B047-8DFB4DD6047C}.Debug|x64.ActiveCfg = Debug|Any CPU
		{C0DB4A4D-02A6-4230-B047-8DFB4DD6047C}.Debug|x64.Build.0 = Debug|Any CPU
		{C0DB4A4D-02A6-4230-B047-8DFB4DD6047C}.Debug|x86.ActiveCfg = Debug|Any CPU
		{C0DB4A4D-02A6-4230-B047-8DFB4DD6047C}.Debug|x86.Build.0 = Debug|Any CPU
		{C0DB4A4D-02A6-4230-B047-8DFB4DD6047C}.Release|Any CPU.ActiveCfg = Release|Any CPU
		{C0DB4A4D-02A6-4230-B047-8DFB4DD6047C}.Release|Any CPU.Build.0 = Release|Any CPU
		{C0DB4A4D-02A6-4230-B047-8DFB4DD6047C}.Release|x64.ActiveCfg = Release|Any CPU
		{C0DB4A4D-02A6-4230-B047-8DFB4DD6047C}.Release|x64.Build.0 = Release|Any CPU
		{C0DB4A4D-02A6-4230-B047-8DFB4DD6047C}.Release|x86.ActiveCfg = Release|Any CPU
		{C0DB4A4D-02A6-4230-B047-8DFB4DD6047C}.Release|x86.Build.0 = Release|Any CPU
		{22C636D2-3F74-4DAF-8FFD-CC356EA76F42}.Debug|Any CPU.ActiveCfg = Debug|Any CPU
		{22C636D2-3F74-4DAF-8FFD-CC356EA76F42}.Debug|Any CPU.Build.0 = Debug|Any CPU
		{22C636D2-3F74-4DAF-8FFD-CC356EA76F42}.Debug|x64.ActiveCfg = Debug|Any CPU
		{22C636D2-3F74-4DAF-8FFD-CC356EA76F42}.Debug|x64.Build.0 = Debug|Any CPU
		{22C636D2-3F74-4DAF-8FFD-CC356EA76F42}.Debug|x86.ActiveCfg = Debug|Any CPU
		{22C636D2-3F74-4DAF-8FFD-CC356EA76F42}.Debug|x86.Build.0 = Debug|Any CPU
		{22C636D2-3F74-4DAF-8FFD-CC356EA76F42}.Release|Any CPU.ActiveCfg = Release|Any CPU
		{22C636D2-3F74-4DAF-8FFD-CC356EA76F42}.Release|Any CPU.Build.0 = Release|Any CPU
		{22C636D2-3F74-4DAF-8FFD-CC356EA76F42}.Release|x64.ActiveCfg = Release|Any CPU
		{22C636D2-3F74-4DAF-8FFD-CC356EA76F42}.Release|x64.Build.0 = Release|Any CPU
		{22C636D2-3F74-4DAF-8FFD-CC356EA76F42}.Release|x86.ActiveCfg = Release|Any CPU
		{22C636D2-3F74-4DAF-8FFD-CC356EA76F42}.Release|x86.Build.0 = Release|Any CPU
		{E54331F8-38FE-43C7-B04B-0D18A159C329}.Debug|Any CPU.ActiveCfg = Debug|Any CPU
		{E54331F8-38FE-43C7-B04B-0D18A159C329}.Debug|Any CPU.Build.0 = Debug|Any CPU
		{E54331F8-38FE-43C7-B04B-0D18A159C329}.Debug|x64.ActiveCfg = Debug|Any CPU
		{E54331F8-38FE-43C7-B04B-0D18A159C329}.Debug|x64.Build.0 = Debug|Any CPU
		{E54331F8-38FE-43C7-B04B-0D18A159C329}.Debug|x86.ActiveCfg = Debug|Any CPU
		{E54331F8-38FE-43C7-B04B-0D18A159C329}.Debug|x86.Build.0 = Debug|Any CPU
		{E54331F8-38FE-43C7-B04B-0D18A159C329}.Release|Any CPU.ActiveCfg = Release|Any CPU
		{E54331F8-38FE-43C7-B04B-0D18A159C329}.Release|Any CPU.Build.0 = Release|Any CPU
		{E54331F8-38FE-43C7-B04B-0D18A159C329}.Release|x64.ActiveCfg = Release|Any CPU
		{E54331F8-38FE-43C7-B04B-0D18A159C329}.Release|x64.Build.0 = Release|Any CPU
		{E54331F8-38FE-43C7-B04B-0D18A159C329}.Release|x86.ActiveCfg = Release|Any CPU
		{E54331F8-38FE-43C7-B04B-0D18A159C329}.Release|x86.Build.0 = Release|Any CPU
		{36EAE3C3-0CF0-4BDA-B48A-5A3BE20F89E5}.Debug|Any CPU.ActiveCfg = Debug|Any CPU
		{36EAE3C3-0CF0-4BDA-B48A-5A3BE20F89E5}.Debug|Any CPU.Build.0 = Debug|Any CPU
		{36EAE3C3-0CF0-4BDA-B48A-5A3BE20F89E5}.Debug|x64.ActiveCfg = Debug|Any CPU
		{36EAE3C3-0CF0-4BDA-B48A-5A3BE20F89E5}.Debug|x64.Build.0 = Debug|Any CPU
		{36EAE3C3-0CF0-4BDA-B48A-5A3BE20F89E5}.Debug|x86.ActiveCfg = Debug|Any CPU
		{36EAE3C3-0CF0-4BDA-B48A-5A3BE20F89E5}.Debug|x86.Build.0 = Debug|Any CPU
		{36EAE3C3-0CF0-4BDA-B48A-5A3BE20F89E5}.Release|Any CPU.ActiveCfg = Release|Any CPU
		{36EAE3C3-0CF0-4BDA-B48A-5A3BE20F89E5}.Release|Any CPU.Build.0 = Release|Any CPU
		{36EAE3C3-0CF0-4BDA-B48A-5A3BE20F89E5}.Release|x64.ActiveCfg = Release|Any CPU
		{36EAE3C3-0CF0-4BDA-B48A-5A3BE20F89E5}.Release|x64.Build.0 = Release|Any CPU
		{36EAE3C3-0CF0-4BDA-B48A-5A3BE20F89E5}.Release|x86.ActiveCfg = Release|Any CPU
		{36EAE3C3-0CF0-4BDA-B48A-5A3BE20F89E5}.Release|x86.Build.0 = Release|Any CPU
		{B25027C3-F98A-4E32-9962-EAFAF2B76E11}.Debug|Any CPU.ActiveCfg = Debug|Any CPU
		{B25027C3-F98A-4E32-9962-EAFAF2B76E11}.Debug|Any CPU.Build.0 = Debug|Any CPU
		{B25027C3-F98A-4E32-9962-EAFAF2B76E11}.Debug|x64.ActiveCfg = Debug|Any CPU
		{B25027C3-F98A-4E32-9962-EAFAF2B76E11}.Debug|x64.Build.0 = Debug|Any CPU
		{B25027C3-F98A-4E32-9962-EAFAF2B76E11}.Debug|x86.ActiveCfg = Debug|Any CPU
		{B25027C3-F98A-4E32-9962-EAFAF2B76E11}.Debug|x86.Build.0 = Debug|Any CPU
		{B25027C3-F98A-4E32-9962-EAFAF2B76E11}.Release|Any CPU.ActiveCfg = Release|Any CPU
		{B25027C3-F98A-4E32-9962-EAFAF2B76E11}.Release|Any CPU.Build.0 = Release|Any CPU
		{B25027C3-F98A-4E32-9962-EAFAF2B76E11}.Release|x64.ActiveCfg = Release|Any CPU
		{B25027C3-F98A-4E32-9962-EAFAF2B76E11}.Release|x64.Build.0 = Release|Any CPU
		{B25027C3-F98A-4E32-9962-EAFAF2B76E11}.Release|x86.ActiveCfg = Release|Any CPU
		{B25027C3-F98A-4E32-9962-EAFAF2B76E11}.Release|x86.Build.0 = Release|Any CPU
		{2CF7B2AB-C99D-497D-A0F9-DD170D79FF3A}.Debug|Any CPU.ActiveCfg = Debug|Any CPU
		{2CF7B2AB-C99D-497D-A0F9-DD170D79FF3A}.Debug|Any CPU.Build.0 = Debug|Any CPU
		{2CF7B2AB-C99D-497D-A0F9-DD170D79FF3A}.Debug|x64.ActiveCfg = Debug|Any CPU
		{2CF7B2AB-C99D-497D-A0F9-DD170D79FF3A}.Debug|x64.Build.0 = Debug|Any CPU
		{2CF7B2AB-C99D-497D-A0F9-DD170D79FF3A}.Debug|x86.ActiveCfg = Debug|Any CPU
		{2CF7B2AB-C99D-497D-A0F9-DD170D79FF3A}.Debug|x86.Build.0 = Debug|Any CPU
		{2CF7B2AB-C99D-497D-A0F9-DD170D79FF3A}.Release|Any CPU.ActiveCfg = Release|Any CPU
		{2CF7B2AB-C99D-497D-A0F9-DD170D79FF3A}.Release|Any CPU.Build.0 = Release|Any CPU
		{2CF7B2AB-C99D-497D-A0F9-DD170D79FF3A}.Release|x64.ActiveCfg = Release|Any CPU
		{2CF7B2AB-C99D-497D-A0F9-DD170D79FF3A}.Release|x64.Build.0 = Release|Any CPU
		{2CF7B2AB-C99D-497D-A0F9-DD170D79FF3A}.Release|x86.ActiveCfg = Release|Any CPU
		{2CF7B2AB-C99D-497D-A0F9-DD170D79FF3A}.Release|x86.Build.0 = Release|Any CPU
	EndGlobalSection
	GlobalSection(SolutionProperties) = preSolution
		HideSolutionNode = FALSE
	EndGlobalSection
	GlobalSection(NestedProjects) = preSolution
		{9F464C6E-CAAD-4A8D-AB40-1A1F83E56EF5} = {5A4E9303-ADE5-408B-87AE-3C6174E062EA}
		{6F594A02-24B4-4E37-A7E2-7AAE1008DA1F} = {5A4E9303-ADE5-408B-87AE-3C6174E062EA}
		{6F3FDE24-3B8A-45A0-B0C3-44EFCB64D4B7} = {5A4E9303-ADE5-408B-87AE-3C6174E062EA}
		{577035FE-B0B3-4119-8001-4144E1B1F5C4} = {5A4E9303-ADE5-408B-87AE-3C6174E062EA}
		{E18CF8C4-FAF2-4FA1-BBD5-BE9D81489EFD} = {5A4E9303-ADE5-408B-87AE-3C6174E062EA}
		{E39CCFB3-2825-4BF8-88AB-8974C5182161} = {3342B27A-FA4E-4554-9EC7-4C0D708366C1}
		{74F429A0-372B-49C0-BCD9-7E681E0EFFA0} = {E39CCFB3-2825-4BF8-88AB-8974C5182161}
		{26DC3D90-8D73-430F-9872-81BC6690CD29} = {3342B27A-FA4E-4554-9EC7-4C0D708366C1}
	EndGlobalSection
	GlobalSection(ExtensibilityGlobals) = postSolution
		SolutionGuid = {D50C3DE7-F945-443C-AABA-7F1794123242}
	EndGlobalSection
EndGlobal
